
Microsoft Visual Studio Solution File, Format Version 12.00
# Visual Studio Version 17
VisualStudioVersion = 17.8.34511.84
MinimumVisualStudioVersion = 10.0.40219.1
Project("{9A19103F-16F7-4668-BE54-9A1E7A4F7556}") = "TestApp", "TestApp\TestApp.csproj", "{C5036294-67E1-428C-A990-F20F1C567B5A}"
EndProject
Project("{FAE04EC0-301F-11D3-BF4B-00C04F79EFBC}") = "TestApp2", "TestApp2\TestApp2.csproj", "{84039F45-4C19-4C7D-8818-8B609B1D3A3A}"
EndProject
Global
	GlobalSection(SolutionConfigurationPlatforms) = preSolution
		Debug|Any CPU = Debug|Any CPU
		Release|Any CPU = Release|Any CPU
	EndGlobalSection
	GlobalSection(ProjectConfigurationPlatforms) = postSolution
		{C5036294-67E1-428C-A990-F20F1C567B5A}.Debug|Any CPU.ActiveCfg = Debug|Any CPU
		{C5036294-67E1-428C-A990-F20F1C567B5A}.Debug|Any CPU.Build.0 = Debug|Any CPU
		{C5036294-67E1-428C-A990-F20F1C567B5A}.Release|Any CPU.ActiveCfg = Release|Any CPU
		{C5036294-67E1-428C-A990-F20F1C567B5A}.Release|Any CPU.Build.0 = Release|Any CPU
		{84039F45-4C19-4C7D-8818-8B609B1D3A3A}.Debug|Any CPU.ActiveCfg = Debug|Any CPU
		{84039F45-4C19-4C7D-8818-8B609B1D3A3A}.Debug|Any CPU.Build.0 = Debug|Any CPU
		{84039F45-4C19-4C7D-8818-8B609B1D3A3A}.Release|Any CPU.ActiveCfg = Release|Any CPU
		{84039F45-4C19-4C7D-8818-8B609B1D3A3A}.Release|Any CPU.Build.0 = Release|Any CPU
	EndGlobalSection
	GlobalSection(SolutionProperties) = preSolution
		HideSolutionNode = FALSE
	EndGlobalSection
	GlobalSection(ExtensibilityGlobals) = postSolution
		SolutionGuid = {6EF72E1B-9405-4748-A955-55A922CBEFA8}
	EndGlobalSection
EndGlobal
